// !$*UTF8*$!
{
	archiveVersion = 1;
	classes = {
	};
	objectVersion = 50;
	objects = {

/* Begin PBXBuildFile section */
		CF2DE50122EE569500729B45 /* AppDelegate.swift in Sources */ = {isa = PBXBuildFile; fileRef = CF2DE50022EE569500729B45 /* AppDelegate.swift */; };
		CF2DE50322EE569500729B45 /* ViewController.swift in Sources */ = {isa = PBXBuildFile; fileRef = CF2DE50222EE569500729B45 /* ViewController.swift */; };
		CF2DE50622EE569500729B45 /* Main.storyboard in Resources */ = {isa = PBXBuildFile; fileRef = CF2DE50422EE569500729B45 /* Main.storyboard */; };
		CF2DE50822EE569600729B45 /* Assets.xcassets in Resources */ = {isa = PBXBuildFile; fileRef = CF2DE50722EE569600729B45 /* Assets.xcassets */; };
		CF2DE50B22EE569600729B45 /* LaunchScreen.storyboard in Resources */ = {isa = PBXBuildFile; fileRef = CF2DE50922EE569600729B45 /* LaunchScreen.storyboard */; };
		CF2DE51622EE569600729B45 /* TextFieldPractiseTests.swift in Sources */ = {isa = PBXBuildFile; fileRef = CF2DE51522EE569600729B45 /* TextFieldPractiseTests.swift */; };
/* End PBXBuildFile section */

/* Begin PBXContainerItemProxy section */
		CF2DE51222EE569600729B45 /* PBXContainerItemProxy */ = {
			isa = PBXContainerItemProxy;
			containerPortal = CF2DE4F522EE569500729B45 /* Project object */;
			proxyType = 1;
			remoteGlobalIDString = CF2DE4FC22EE569500729B45;
			remoteInfo = TextFieldPractise;
		};
/* End PBXContainerItemProxy section */

/* Begin PBXFileReference section */
		CF2DE4FD22EE569500729B45 /* TextFieldPractise.app */ = {isa = PBXFileReference; explicitFileType = wrapper.application; includeInIndex = 0; path = TextFieldPractise.app; sourceTree = BUILT_PRODUCTS_DIR; };
		CF2DE50022EE569500729B45 /* AppDelegate.swift */ = {isa = PBXFileReference; lastKnownFileType = sourcecode.swift; path = AppDelegate.swift; sourceTree = "<group>"; };
		CF2DE50222EE569500729B45 /* ViewController.swift */ = {isa = PBXFileReference; lastKnownFileType = sourcecode.swift; path = ViewController.swift; sourceTree = "<group>"; };
		CF2DE50522EE569500729B45 /* Base */ = {isa = PBXFileReference; lastKnownFileType = file.storyboard; name = Base; path = Base.lproj/Main.storyboard; sourceTree = "<group>"; };
		CF2DE50722EE569600729B45 /* Assets.xcassets */ = {isa = PBXFileReference; lastKnownFileType = folder.assetcatalog; path = Assets.xcassets; sourceTree = "<group>"; };
		CF2DE50A22EE569600729B45 /* Base */ = {isa = PBXFileReference; lastKnownFileType = file.storyboard; name = Base; path = Base.lproj/LaunchScreen.storyboard; sourceTree = "<group>"; };
		CF2DE50C22EE569600729B45 /* Info.plist */ = {isa = PBXFileReference; lastKnownFileType = text.plist.xml; path = Info.plist; sourceTree = "<group>"; };
		CF2DE51122EE569600729B45 /* TextFieldPractiseTests.xctest */ = {isa = PBXFileReference; explicitFileType = wrapper.cfbundle; includeInIndex = 0; path = TextFieldPractiseTests.xctest; sourceTree = BUILT_PRODUCTS_DIR; };
		CF2DE51522EE569600729B45 /* TextFieldPractiseTests.swift */ = {isa = PBXFileReference; lastKnownFileType = sourcecode.swift; path = TextFieldPractiseTests.swift; sourceTree = "<group>"; };
		CF2DE51722EE569600729B45 /* Info.plist */ = {isa = PBXFileReference; lastKnownFileType = text.plist.xml; path = Info.plist; sourceTree = "<group>"; };
/* End PBXFileReference section */

/* Begin PBXFrameworksBuildPhase section */
		CF2DE4FA22EE569500729B45 /* Frameworks */ = {
			isa = PBXFrameworksBuildPhase;
			buildActionMask = 2147483647;
			files = (
			);
			runOnlyForDeploymentPostprocessing = 0;
		};
		CF2DE50E22EE569600729B45 /* Frameworks */ = {
			isa = PBXFrameworksBuildPhase;
			buildActionMask = 2147483647;
			files = (
			);
			runOnlyForDeploymentPostprocessing = 0;
		};
/* End PBXFrameworksBuildPhase section */

/* Begin PBXGroup section */
		CF2DE4F422EE569500729B45 = {
			isa = PBXGroup;
			children = (
				CF2DE4FF22EE569500729B45 /* TextFieldPractise */,
				CF2DE51422EE569600729B45 /* TextFieldPractiseTests */,
				CF2DE4FE22EE569500729B45 /* Products */,
			);
			sourceTree = "<group>";
		};
		CF2DE4FE22EE569500729B45 /* Products */ = {
			isa = PBXGroup;
			children = (
				CF2DE4FD22EE569500729B45 /* TextFieldPractise.app */,
				CF2DE51122EE569600729B45 /* TextFieldPractiseTests.xctest */,
			);
			name = Products;
			sourceTree = "<group>";
		};
		CF2DE4FF22EE569500729B45 /* TextFieldPractise */ = {
			isa = PBXGroup;
			children = (
				CF2DE50022EE569500729B45 /* AppDelegate.swift */,
				CF2DE50222EE569500729B45 /* ViewController.swift */,
				CF2DE50422EE569500729B45 /* Main.storyboard */,
				CF2DE50722EE569600729B45 /* Assets.xcassets */,
				CF2DE50922EE569600729B45 /* LaunchScreen.storyboard */,
				CF2DE50C22EE569600729B45 /* Info.plist */,
			);
			path = TextFieldPractise;
			sourceTree = "<group>";
		};
		CF2DE51422EE569600729B45 /* TextFieldPractiseTests */ = {
			isa = PBXGroup;
			children = (
				CF2DE51522EE569600729B45 /* TextFieldPractiseTests.swift */,
				CF2DE51722EE569600729B45 /* Info.plist */,
			);
			path = TextFieldPractiseTests;
			sourceTree = "<group>";
		};
/* End PBXGroup section */

/* Begin PBXNativeTarget section */
		CF2DE4FC22EE569500729B45 /* TextFieldPractise */ = {
			isa = PBXNativeTarget;
			buildConfigurationList = CF2DE51A22EE569600729B45 /* Build configuration list for PBXNativeTarget "TextFieldPractise" */;
			buildPhases = (
				CF2DE4F922EE569500729B45 /* Sources */,
				CF2DE4FA22EE569500729B45 /* Frameworks */,
				CF2DE4FB22EE569500729B45 /* Resources */,
			);
			buildRules = (
			);
			dependencies = (
			);
			name = TextFieldPractise;
			productName = TextFieldPractise;
			productReference = CF2DE4FD22EE569500729B45 /* TextFieldPractise.app */;
			productType = "com.apple.product-type.application";
		};
		CF2DE51022EE569600729B45 /* TextFieldPractiseTests */ = {
			isa = PBXNativeTarget;
			buildConfigurationList = CF2DE51D22EE569600729B45 /* Build configuration list for PBXNativeTarget "TextFieldPractiseTests" */;
			buildPhases = (
				CF2DE50D22EE569600729B45 /* Sources */,
				CF2DE50E22EE569600729B45 /* Frameworks */,
				CF2DE50F22EE569600729B45 /* Resources */,
			);
			buildRules = (
			);
			dependencies = (
				CF2DE51322EE569600729B45 /* PBXTargetDependency */,
			);
			name = TextFieldPractiseTests;
			productName = TextFieldPractiseTests;
			productReference = CF2DE51122EE569600729B45 /* TextFieldPractiseTests.xctest */;
			productType = "com.apple.product-type.bundle.unit-test";
		};
/* End PBXNativeTarget section */

/* Begin PBXProject section */
		CF2DE4F522EE569500729B45 /* Project object */ = {
			isa = PBXProject;
			attributes = {
				LastSwiftUpdateCheck = 1030;
				LastUpgradeCheck = 1030;
				ORGANIZATIONNAME = "Keneisha Wiggan";
				TargetAttributes = {
					CF2DE4FC22EE569500729B45 = {
						CreatedOnToolsVersion = 10.3;
					};
					CF2DE51022EE569600729B45 = {
						CreatedOnToolsVersion = 10.3;
						TestTargetID = CF2DE4FC22EE569500729B45;
					};
				};
			};
			buildConfigurationList = CF2DE4F822EE569500729B45 /* Build configuration list for PBXProject "TextFieldPractise" */;
			compatibilityVersion = "Xcode 9.3";
			developmentRegion = en;
			hasScannedForEncodings = 0;
			knownRegions = (
				en,
				Base,
			);
			mainGroup = CF2DE4F422EE569500729B45;
			productRefGroup = CF2DE4FE22EE569500729B45 /* Products */;
			projectDirPath = "";
			projectRoot = "";
			targets = (
				CF2DE4FC22EE569500729B45 /* TextFieldPractise */,
				CF2DE51022EE569600729B45 /* TextFieldPractiseTests */,
			);
		};
/* End PBXProject section */

/* Begin PBXResourcesBuildPhase section */
		CF2DE4FB22EE569500729B45 /* Resources */ = {
			isa = PBXResourcesBuildPhase;
			buildActionMask = 2147483647;
			files = (
				CF2DE50B22EE569600729B45 /* LaunchScreen.storyboard in Resources */,
				CF2DE50822EE569600729B45 /* Assets.xcassets in Resources */,
				CF2DE50622EE569500729B45 /* Main.storyboard in Resources */,
			);
			runOnlyForDeploymentPostprocessing = 0;
		};
		CF2DE50F22EE569600729B45 /* Resources */ = {
			isa = PBXResourcesBuildPhase;
			buildActionMask = 2147483647;
			files = (
			);
			runOnlyForDeploymentPostprocessing = 0;
		};
/* End PBXResourcesBuildPhase section */

/* Begin PBXSourcesBuildPhase section */
		CF2DE4F922EE569500729B45 /* Sources */ = {
			isa = PBXSourcesBuildPhase;
			buildActionMask = 2147483647;
			files = (
				CF2DE50322EE569500729B45 /* ViewController.swift in Sources */,
				CF2DE50122EE569500729B45 /* AppDelegate.swift in Sources */,
			);
			runOnlyForDeploymentPostprocessing = 0;
		};
		CF2DE50D22EE569600729B45 /* Sources */ = {
			isa = PBXSourcesBuildPhase;
			buildActionMask = 2147483647;
			files = (
				CF2DE51622EE569600729B45 /* TextFieldPractiseTests.swift in Sources */,
			);
			runOnlyForDeploymentPostprocessing = 0;
		};
/* End PBXSourcesBuildPhase section */

/* Begin PBXTargetDependency section */
		CF2DE51322EE569600729B45 /* PBXTargetDependency */ = {
			isa = PBXTargetDependency;
			target = CF2DE4FC22EE569500729B45 /* TextFieldPractise */;
			targetProxy = CF2DE51222EE569600729B45 /* PBXContainerItemProxy */;
		};
/* End PBXTargetDependency section */

/* Begin PBXVariantGroup section */
		CF2DE50422EE569500729B45 /* Main.storyboard */ = {
			isa = PBXVariantGroup;
			children = (
				CF2DE50522EE569500729B45 /* Base */,
			);
			name = Main.storyboard;
			sourceTree = "<group>";
		};
		CF2DE50922EE569600729B45 /* LaunchScreen.storyboard */ = {
			isa = PBXVariantGroup;
			children = (
				CF2DE50A22EE569600729B45 /* Base */,
			);
			name = LaunchScreen.storyboard;
			sourceTree = "<group>";
		};
/* End PBXVariantGroup section */

/* Begin XCBuildConfiguration section */
		CF2DE51822EE569600729B45 /* Debug */ = {
			isa = XCBuildConfiguration;
			buildSettings = {
				ALWAYS_SEARCH_USER_PATHS = NO;
				CLANG_ANALYZER_NONNULL = YES;
				CLANG_ANALYZER_NUMBER_OBJECT_CONVERSION = YES_AGGRESSIVE;
				CLANG_CXX_LANGUAGE_STANDARD = "gnu++14";
				CLANG_CXX_LIBRARY = "libc++";
				CLANG_ENABLE_MODULES = YES;
				CLANG_ENABLE_OBJC_ARC = YES;
				CLANG_ENABLE_OBJC_WEAK = YES;
				CLANG_WARN_BLOCK_CAPTURE_AUTORELEASING = YES;
				CLANG_WARN_BOOL_CONVERSION = YES;
				CLANG_WARN_COMMA = YES;
				CLANG_WARN_CONSTANT_CONVERSION = YES;
				CLANG_WARN_DEPRECATED_OBJC_IMPLEMENTATIONS = YES;
				CLANG_WARN_DIRECT_OBJC_ISA_USAGE = YES_ERROR;
				CLANG_WARN_DOCUMENTATION_COMMENTS = YES;
				CLANG_WARN_EMPTY_BODY = YES;
				CLANG_WARN_ENUM_CONVERSION = YES;
				CLANG_WARN_INFINITE_RECURSION = YES;
				CLANG_WARN_INT_CONVERSION = YES;
				CLANG_WARN_NON_LITERAL_NULL_CONVERSION = YES;
				CLANG_WARN_OBJC_IMPLICIT_RETAIN_SELF = YES;
				CLANG_WARN_OBJC_LITERAL_CONVERSION = YES;
				CLANG_WARN_OBJC_ROOT_CLASS = YES_ERROR;
				CLANG_WARN_RANGE_LOOP_ANALYSIS = YES;
				CLANG_WARN_STRICT_PROTOTYPES = YES;
				CLANG_WARN_SUSPICIOUS_MOVE = YES;
				CLANG_WARN_UNGUARDED_AVAILABILITY = YES_AGGRESSIVE;
				CLANG_WARN_UNREACHABLE_CODE = YES;
				CLANG_WARN__DUPLICATE_METHOD_MATCH = YES;
				CODE_SIGN_IDENTITY = "iPhone Developer";
				COPY_PHASE_STRIP = NO;
				DEBUG_INFORMATION_FORMAT = dwarf;
				ENABLE_STRICT_OBJC_MSGSEND = YES;
				ENABLE_TESTABILITY = YES;
				GCC_C_LANGUAGE_STANDARD = gnu11;
				GCC_DYNAMIC_NO_PIC = NO;
				GCC_NO_COMMON_BLOCKS = YES;
				GCC_OPTIMIZATION_LEVEL = 0;
				GCC_PREPROCESSOR_DEFINITIONS = (
					"DEBUG=1",
					"$(inherited)",
				);
				GCC_WARN_64_TO_32_BIT_CONVERSION = YES;
				GCC_WARN_ABOUT_RETURN_TYPE = YES_ERROR;
				GCC_WARN_UNDECLARED_SELECTOR = YES;
				GCC_WARN_UNINITIALIZED_AUTOS = YES_AGGRESSIVE;
				GCC_WARN_UNUSED_FUNCTION = YES;
				GCC_WARN_UNUSED_VARIABLE = YES;
				IPHONEOS_DEPLOYMENT_TARGET = 12.4;
				MTL_ENABLE_DEBUG_INFO = INCLUDE_SOURCE;
				MTL_FAST_MATH = YES;
				ONLY_ACTIVE_ARCH = YES;
				SDKROOT = iphoneos;
				SWIFT_ACTIVE_COMPILATION_CONDITIONS = DEBUG;
				SWIFT_OPTIMIZATION_LEVEL = "-Onone";
			};
			name = Debug;
		};
		CF2DE51922EE569600729B45 /* Release */ = {
			isa = XCBuildConfiguration;
			buildSettings = {
				ALWAYS_SEARCH_USER_PATHS = NO;
				CLANG_ANALYZER_NONNULL = YES;
				CLANG_ANALYZER_NUMBER_OBJECT_CONVERSION = YES_AGGRESSIVE;
				CLANG_CXX_LANGUAGE_STANDARD = "gnu++14";
				CLANG_CXX_LIBRARY = "libc++";
				CLANG_ENABLE_MODULES = YES;
				CLANG_ENABLE_OBJC_ARC = YES;
				CLANG_ENABLE_OBJC_WEAK = YES;
				CLANG_WARN_BLOCK_CAPTURE_AUTORELEASING = YES;
				CLANG_WARN_BOOL_CONVERSION = YES;
				CLANG_WARN_COMMA = YES;
				CLANG_WARN_CONSTANT_CONVERSION = YES;
				CLANG_WARN_DEPRECATED_OBJC_IMPLEMENTATIONS = YES;
				CLANG_WARN_DIRECT_OBJC_ISA_USAGE = YES_ERROR;
				CLANG_WARN_DOCUMENTATION_COMMENTS = YES;
				CLANG_WARN_EMPTY_BODY = YES;
				CLANG_WARN_ENUM_CONVERSION = YES;
				CLANG_WARN_INFINITE_RECURSION = YES;
				CLANG_WARN_INT_CONVERSION = YES;
				CLANG_WARN_NON_LITERAL_NULL_CONVERSION = YES;
				CLANG_WARN_OBJC_IMPLICIT_RETAIN_SELF = YES;
				CLANG_WARN_OBJC_LITERAL_CONVERSION = YES;
				CLANG_WARN_OBJC_ROOT_CLASS = YES_ERROR;
				CLANG_WARN_RANGE_LOOP_ANALYSIS = YES;
				CLANG_WARN_STRICT_PROTOTYPES = YES;
				CLANG_WARN_SUSPICIOUS_MOVE = YES;
				CLANG_WARN_UNGUARDED_AVAILABILITY = YES_AGGRESSIVE;
				CLANG_WARN_UNREACHABLE_CODE = YES;
				CLANG_WARN__DUPLICATE_METHOD_MATCH = YES;
				CODE_SIGN_IDENTITY = "iPhone Developer";
				COPY_PHASE_STRIP = NO;
				DEBUG_INFORMATION_FORMAT = "dwarf-with-dsym";
				ENABLE_NS_ASSERTIONS = NO;
				ENABLE_STRICT_OBJC_MSGSEND = YES;
				GCC_C_LANGUAGE_STANDARD = gnu11;
				GCC_NO_COMMON_BLOCKS = YES;
				GCC_WARN_64_TO_32_BIT_CONVERSION = YES;
				GCC_WARN_ABOUT_RETURN_TYPE = YES_ERROR;
				GCC_WARN_UNDECLARED_SELECTOR = YES;
				GCC_WARN_UNINITIALIZED_AUTOS = YES_AGGRESSIVE;
				GCC_WARN_UNUSED_FUNCTION = YES;
				GCC_WARN_UNUSED_VARIABLE = YES;
				IPHONEOS_DEPLOYMENT_TARGET = 12.4;
				MTL_ENABLE_DEBUG_INFO = NO;
				MTL_FAST_MATH = YES;
				SDKROOT = iphoneos;
				SWIFT_COMPILATION_MODE = wholemodule;
				SWIFT_OPTIMIZATION_LEVEL = "-O";
				VALIDATE_PRODUCT = YES;
			};
			name = Release;
		};
		CF2DE51B22EE569600729B45 /* Debug */ = {
			isa = XCBuildConfiguration;
			buildSettings = {
				ASSETCATALOG_COMPILER_APPICON_NAME = AppIcon;
				CODE_SIGN_STYLE = Automatic;
				INFOPLIST_FILE = TextFieldPractise/Info.plist;
				LD_RUNPATH_SEARCH_PATHS = (
					"$(inherited)",
					"@executable_path/Frameworks",
				);
				PRODUCT_BUNDLE_IDENTIFIER = com.example.TextFieldPractise;
				PRODUCT_NAME = "$(TARGET_NAME)";
				SWIFT_VERSION = 5.0;
				TARGETED_DEVICE_FAMILY = "1,2";
			};
			name = Debug;
		};
		CF2DE51C22EE569600729B45 /* Release */ = {
			isa = XCBuildConfiguration;
			buildSettings = {
				ASSETCATALOG_COMPILER_APPICON_NAME = AppIcon;
				CODE_SIGN_STYLE = Automatic;
				INFOPLIST_FILE = TextFieldPractise/Info.plist;
				LD_RUNPATH_SEARCH_PATHS = (
					"$(inherited)",
					"@executable_path/Frameworks",
				);
				PRODUCT_BUNDLE_IDENTIFIER = com.example.TextFieldPractise;
				PRODUCT_NAME = "$(TARGET_NAME)";
				SWIFT_VERSION = 5.0;
				TARGETED_DEVICE_FAMILY = "1,2";
			};
			name = Release;
		};
		CF2DE51E22EE569600729B45 /* Debug */ = {
			isa = XCBuildConfiguration;
			buildSettings = {
				ALWAYS_EMBED_SWIFT_STANDARD_LIBRARIES = YES;
				BUNDLE_LOADER = "$(TEST_HOST)";
				CODE_SIGN_STYLE = Automatic;
				INFOPLIST_FILE = TextFieldPractiseTests/Info.plist;
				LD_RUNPATH_SEARCH_PATHS = (
					"$(inherited)",
					"@executable_path/Frameworks",
					"@loader_path/Frameworks",
				);
				PRODUCT_BUNDLE_IDENTIFIER = com.example.TextFieldPractiseTests;
				PRODUCT_NAME = "$(TARGET_NAME)";
				SWIFT_VERSION = 5.0;
				TARGETED_DEVICE_FAMILY = "1,2";
				TEST_HOST = "$(BUILT_PRODUCTS_DIR)/TextFieldPractise.app/TextFieldPractise";
			};
			name = Debug;
		};
		CF2DE51F22EE569600729B45 /* Release */ = {
			isa = XCBuildConfiguration;
			buildSettings = {
				ALWAYS_EMBED_SWIFT_STANDARD_LIBRARIES = YES;
				BUNDLE_LOADER = "$(TEST_HOST)";
				CODE_SIGN_STYLE = Automatic;
				INFOPLIST_FILE = TextFieldPractiseTests/Info.plist;
				LD_RUNPATH_SEARCH_PATHS = (
					"$(inherited)",
					"@executable_path/Frameworks",
					"@loader_path/Frameworks",
				);
				PRODUCT_BUNDLE_IDENTIFIER = com.example.TextFieldPractiseTests;
				PRODUCT_NAME = "$(TARGET_NAME)";
				SWIFT_VERSION = 5.0;
				TARGETED_DEVICE_FAMILY = "1,2";
				TEST_HOST = "$(BUILT_PRODUCTS_DIR)/TextFieldPractise.app/TextFieldPractise";
			};
			name = Release;
		};
/* End XCBuildConfiguration section */

/* Begin XCConfigurationList section */
		CF2DE4F822EE569500729B45 /* Build configuration list for PBXProject "TextFieldPractise" */ = {
			isa = XCConfigurationList;
			buildConfigurations = (
				CF2DE51822EE569600729B45 /* Debug */,
				CF2DE51922EE569600729B45 /* Release */,
			);
			defaultConfigurationIsVisible = 0;
			defaultConfigurationName = Release;
		};
		CF2DE51A22EE569600729B45 /* Build configuration list for PBXNativeTarget "TextFieldPractise" */ = {
			isa = XCConfigurationList;
			buildConfigurations = (
				CF2DE51B22EE569600729B45 /* Debug */,
				CF2DE51C22EE569600729B45 /* Release */,
			);
			defaultConfigurationIsVisible = 0;
			defaultConfigurationName = Release;
		};
		CF2DE51D22EE569600729B45 /* Build configuration list for PBXNativeTarget "TextFieldPractiseTests" */ = {
			isa = XCConfigurationList;
			buildConfigurations = (
				CF2DE51E22EE569600729B45 /* Debug */,
				CF2DE51F22EE569600729B45 /* Release */,
			);
			defaultConfigurationIsVisible = 0;
			defaultConfigurationName = Release;
		};
/* End XCConfigurationList section */
	};
	rootObject = CF2DE4F522EE569500729B45 /* Project object */;
}
